
Microsoft Visual Studio Solution File, Format Version 12.00
# Visual Studio 15
VisualStudioVersion = 15.0.28307.572
MinimumVisualStudioVersion = 10.0.40219.1
Project("{FAE04EC0-301F-11D3-BF4B-00C04F79EFBC}") = "web1", "web1\web1.csproj", "{77CC7ED6-EF44-4448-9DCE-D5A0BA280003}"
EndProject
Global
	GlobalSection(SolutionConfigurationPlatforms) = preSolution
		Debug|Any CPU = Debug|Any CPU
		Release|Any CPU = Release|Any CPU
	EndGlobalSection
	GlobalSection(ProjectConfigurationPlatforms) = postSolution
		{77CC7ED6-EF44-4448-9DCE-D5A0BA280003}.Debug|Any CPU.ActiveCfg = Debug|Any CPU
		{77CC7ED6-EF44-4448-9DCE-D5A0BA280003}.Debug|Any CPU.Build.0 = Debug|Any CPU
		{77CC7ED6-EF44-4448-9DCE-D5A0BA280003}.Release|Any CPU.ActiveCfg = Release|Any CPU
		{77CC7ED6-EF44-4448-9DCE-D5A0BA280003}.Release|Any CPU.Build.0 = Release|Any CPU
	EndGlobalSection
	GlobalSection(SolutionProperties) = preSolution
		HideSolutionNode = FALSE
	EndGlobalSection
	GlobalSection(ExtensibilityGlobals) = postSolution
		SolutionGuid = {C38172F3-9EFF-45CE-879C-2D4333ABC3C8}
	EndGlobalSection
EndGlobal
